
Microsoft Visual Studio Solution File, Format Version 12.00
# Visual Studio 15
VisualStudioVersion = 15.0.28307.852
MinimumVisualStudioVersion = 10.0.40219.1
Project("{9A19103F-16F7-4668-BE54-9A1E7A4F7556}") = "Datos", "Datos\Datos.csproj", "{18550CF6-4788-48A6-A018-32D350E9EE7A}"
EndProject
Project("{9A19103F-16F7-4668-BE54-9A1E7A4F7556}") = "Datos.Pruebas", "Datos.Pruebas\Datos.Pruebas.csproj", "{C3E54581-64ED-4870-936D-EB01118FA7DA}"
	ProjectSection(ProjectDependencies) = postProject
		{18550CF6-4788-48A6-A018-32D350E9EE7A} = {18550CF6-4788-48A6-A018-32D350E9EE7A}
	EndProjectSection
EndProject
Project("{9A19103F-16F7-4668-BE54-9A1E7A4F7556}") = "Negocio", "Negocio\Negocio.csproj", "{E8F40A38-22AF-4AAA-B552-8C086E54F119}"
	ProjectSection(ProjectDependencies) = postProject
		{18550CF6-4788-48A6-A018-32D350E9EE7A} = {18550CF6-4788-48A6-A018-32D350E9EE7A}
	EndProjectSection
EndProject
Project("{9A19103F-16F7-4668-BE54-9A1E7A4F7556}") = "Negocio.Pruebas", "Negocio.Pruebas\Negocio.Pruebas.csproj", "{531C6866-0F0E-40E6-8135-9008B4294DB7}"
	ProjectSection(ProjectDependencies) = postProject
		{E8F40A38-22AF-4AAA-B552-8C086E54F119} = {E8F40A38-22AF-4AAA-B552-8C086E54F119}
		{18550CF6-4788-48A6-A018-32D350E9EE7A} = {18550CF6-4788-48A6-A018-32D350E9EE7A}
	EndProjectSection
EndProject
Project("{9A19103F-16F7-4668-BE54-9A1E7A4F7556}") = "Api", "Api\Api.csproj", "{532ED715-5572-4BBB-945A-82D342AE1F8F}"
	ProjectSection(ProjectDependencies) = postProject
		{E8F40A38-22AF-4AAA-B552-8C086E54F119} = {E8F40A38-22AF-4AAA-B552-8C086E54F119}
		{18550CF6-4788-48A6-A018-32D350E9EE7A} = {18550CF6-4788-48A6-A018-32D350E9EE7A}
	EndProjectSection
EndProject
Project("{FAE04EC0-301F-11D3-BF4B-00C04F79EFBC}") = "Api.Pruebas", "Api.Pruebas\Api.Pruebas.csproj", "{8798D824-4407-42E1-AF08-DA282E211663}"
	ProjectSection(ProjectDependencies) = postProject
		{532ED715-5572-4BBB-945A-82D342AE1F8F} = {532ED715-5572-4BBB-945A-82D342AE1F8F}
		{E8F40A38-22AF-4AAA-B552-8C086E54F119} = {E8F40A38-22AF-4AAA-B552-8C086E54F119}
		{18550CF6-4788-48A6-A018-32D350E9EE7A} = {18550CF6-4788-48A6-A018-32D350E9EE7A}
	EndProjectSection
EndProject
Project("{FAE04EC0-301F-11D3-BF4B-00C04F79EFBC}") = "Consola", "Consola\Consola.csproj", "{AA819746-507A-4AC0-A1A6-0FC9AB6E86D9}"
	ProjectSection(ProjectDependencies) = postProject
		{E8F40A38-22AF-4AAA-B552-8C086E54F119} = {E8F40A38-22AF-4AAA-B552-8C086E54F119}
		{18550CF6-4788-48A6-A018-32D350E9EE7A} = {18550CF6-4788-48A6-A018-32D350E9EE7A}
	EndProjectSection
EndProject
Global
	GlobalSection(SolutionConfigurationPlatforms) = preSolution
		Debug|Any CPU = Debug|Any CPU
		Release|Any CPU = Release|Any CPU
	EndGlobalSection
	GlobalSection(ProjectConfigurationPlatforms) = postSolution
		{18550CF6-4788-48A6-A018-32D350E9EE7A}.Debug|Any CPU.ActiveCfg = Debug|Any CPU
		{18550CF6-4788-48A6-A018-32D350E9EE7A}.Debug|Any CPU.Build.0 = Debug|Any CPU
		{18550CF6-4788-48A6-A018-32D350E9EE7A}.Release|Any CPU.ActiveCfg = Release|Any CPU
		{18550CF6-4788-48A6-A018-32D350E9EE7A}.Release|Any CPU.Build.0 = Release|Any CPU
		{C3E54581-64ED-4870-936D-EB01118FA7DA}.Debug|Any CPU.ActiveCfg = Debug|Any CPU
		{C3E54581-64ED-4870-936D-EB01118FA7DA}.Debug|Any CPU.Build.0 = Debug|Any CPU
		{C3E54581-64ED-4870-936D-EB01118FA7DA}.Release|Any CPU.ActiveCfg = Release|Any CPU
		{C3E54581-64ED-4870-936D-EB01118FA7DA}.Release|Any CPU.Build.0 = Release|Any CPU
		{E8F40A38-22AF-4AAA-B552-8C086E54F119}.Debug|Any CPU.ActiveCfg = Debug|Any CPU
		{E8F40A38-22AF-4AAA-B552-8C086E54F119}.Debug|Any CPU.Build.0 = Debug|Any CPU
		{E8F40A38-22AF-4AAA-B552-8C086E54F119}.Release|Any CPU.ActiveCfg = Release|Any CPU
		{E8F40A38-22AF-4AAA-B552-8C086E54F119}.Release|Any CPU.Build.0 = Release|Any CPU
		{531C6866-0F0E-40E6-8135-9008B4294DB7}.Debug|Any CPU.ActiveCfg = Debug|Any CPU
		{531C6866-0F0E-40E6-8135-9008B4294DB7}.Debug|Any CPU.Build.0 = Debug|Any CPU
		{531C6866-0F0E-40E6-8135-9008B4294DB7}.Release|Any CPU.ActiveCfg = Release|Any CPU
		{531C6866-0F0E-40E6-8135-9008B4294DB7}.Release|Any CPU.Build.0 = Release|Any CPU
		{532ED715-5572-4BBB-945A-82D342AE1F8F}.Debug|Any CPU.ActiveCfg = Debug|Any CPU
		{532ED715-5572-4BBB-945A-82D342AE1F8F}.Debug|Any CPU.Build.0 = Debug|Any CPU
		{532ED715-5572-4BBB-945A-82D342AE1F8F}.Release|Any CPU.ActiveCfg = Release|Any CPU
		{532ED715-5572-4BBB-945A-82D342AE1F8F}.Release|Any CPU.Build.0 = Release|Any CPU
		{8798D824-4407-42E1-AF08-DA282E211663}.Debug|Any CPU.ActiveCfg = Debug|Any CPU
		{8798D824-4407-42E1-AF08-DA282E211663}.Debug|Any CPU.Build.0 = Debug|Any CPU
		{8798D824-4407-42E1-AF08-DA282E211663}.Release|Any CPU.ActiveCfg = Release|Any CPU
		{8798D824-4407-42E1-AF08-DA282E211663}.Release|Any CPU.Build.0 = Release|Any CPU
		{AA819746-507A-4AC0-A1A6-0FC9AB6E86D9}.Debug|Any CPU.ActiveCfg = Debug|Any CPU
		{AA819746-507A-4AC0-A1A6-0FC9AB6E86D9}.Debug|Any CPU.Build.0 = Debug|Any CPU
		{AA819746-507A-4AC0-A1A6-0FC9AB6E86D9}.Release|Any CPU.ActiveCfg = Release|Any CPU
		{AA819746-507A-4AC0-A1A6-0FC9AB6E86D9}.Release|Any CPU.Build.0 = Release|Any CPU
	EndGlobalSection
	GlobalSection(SolutionProperties) = preSolution
		HideSolutionNode = FALSE
	EndGlobalSection
	GlobalSection(ExtensibilityGlobals) = postSolution
		SolutionGuid = {73EE3CF3-594B-4F6C-8ADF-21EA256ADDCC}
	EndGlobalSection
EndGlobal
